
Microsoft Visual Studio Solution File, Format Version 12.00
# Visual Studio Version 16
VisualStudioVersion = 16.0.29806.167
MinimumVisualStudioVersion = 10.0.40219.1
Project("{FAE04EC0-301F-11D3-BF4B-00C04F79EFBC}") = "WorkWithFiles", "WorkWithFiles\WorkWithFiles.csproj", "{A8DC2AB8-17D9-4375-8A45-7E99057BFDDC}"
EndProject
Global
	GlobalSection(SolutionConfigurationPlatforms) = preSolution
		Debug|Any CPU = Debug|Any CPU
		Release|Any CPU = Release|Any CPU
	EndGlobalSection
	GlobalSection(ProjectConfigurationPlatforms) = postSolution
		{A8DC2AB8-17D9-4375-8A45-7E99057BFDDC}.Debug|Any CPU.ActiveCfg = Debug|Any CPU
		{A8DC2AB8-17D9-4375-8A45-7E99057BFDDC}.Debug|Any CPU.Build.0 = Debug|Any CPU
		{A8DC2AB8-17D9-4375-8A45-7E99057BFDDC}.Release|Any CPU.ActiveCfg = Release|Any CPU
		{A8DC2AB8-17D9-4375-8A45-7E99057BFDDC}.Release|Any CPU.Build.0 = Release|Any CPU
	EndGlobalSection
	GlobalSection(SolutionProperties) = preSolution
		HideSolutionNode = FALSE
	EndGlobalSection
	GlobalSection(ExtensibilityGlobals) = postSolution
		SolutionGuid = {CE0EEA31-B3CC-4B36-9733-AE8717915379}
	EndGlobalSection
EndGlobal
